
Microsoft Visual Studio Solution File, Format Version 11.00
# Visual Studio 2010
Project("{FAE04EC0-301F-11D3-BF4B-00C04F79EFBC}") = "ChosenKinDemo", "Assembly-CSharp.csproj", "{4C6782AB-F384-D773-0069-2E076C297DF9}"
EndProject
Project("{FAE04EC0-301F-11D3-BF4B-00C04F79EFBC}") = "ChosenKinDemo", "Assembly-CSharp-Editor.csproj", "{5B5DDD21-5B78-F681-47A4-5E7194919B4B}"
EndProject
Global
	GlobalSection(SolutionConfigurationPlatforms) = preSolution
		Debug|Any CPU = Debug|Any CPU
		Release|Any CPU = Release|Any CPU
	EndGlobalSection
	GlobalSection(ProjectConfigurationPlatforms) = postSolution
		{4C6782AB-F384-D773-0069-2E076C297DF9}.Debug|Any CPU.ActiveCfg = Debug|Any CPU
		{4C6782AB-F384-D773-0069-2E076C297DF9}.Debug|Any CPU.Build.0 = Debug|Any CPU
		{4C6782AB-F384-D773-0069-2E076C297DF9}.Release|Any CPU.ActiveCfg = Release|Any CPU
		{4C6782AB-F384-D773-0069-2E076C297DF9}.Release|Any CPU.Build.0 = Release|Any CPU
		{5B5DDD21-5B78-F681-47A4-5E7194919B4B}.Debug|Any CPU.ActiveCfg = Debug|Any CPU
		{5B5DDD21-5B78-F681-47A4-5E7194919B4B}.Debug|Any CPU.Build.0 = Debug|Any CPU
		{5B5DDD21-5B78-F681-47A4-5E7194919B4B}.Release|Any CPU.ActiveCfg = Release|Any CPU
		{5B5DDD21-5B78-F681-47A4-5E7194919B4B}.Release|Any CPU.Build.0 = Release|Any CPU
	EndGlobalSection
	GlobalSection(SolutionProperties) = preSolution
		HideSolutionNode = FALSE
	EndGlobalSection
	GlobalSection(MonoDevelopProperties) = preSolution
		StartupItem = Assembly-CSharp.csproj
	EndGlobalSection
EndGlobal
